
Microsoft Visual Studio Solution File, Format Version 11.00
# Visual Studio 2010
Project("{8BC9CEB8-8B4A-11D0-8D11-00A0C91BC942}") = "VoxCADXBB", "VoxCADXBB\VoxCADXBB.vcxproj", "{B05CF500-1ADC-4457-958C-D22634391B8C}"
EndProject
Global
	GlobalSection(SolutionConfigurationPlatforms) = preSolution
		Debug|Win32 = Debug|Win32
		Release|Win32 = Release|Win32
	EndGlobalSection
	GlobalSection(ProjectConfigurationPlatforms) = postSolution
		{B05CF500-1ADC-4457-958C-D22634391B8C}.Debug|Win32.ActiveCfg = Debug|Win32
		{B05CF500-1ADC-4457-958C-D22634391B8C}.Debug|Win32.Build.0 = Debug|Win32
		{B05CF500-1ADC-4457-958C-D22634391B8C}.Release|Win32.ActiveCfg = Release|Win32
		{B05CF500-1ADC-4457-958C-D22634391B8C}.Release|Win32.Build.0 = Release|Win32
	EndGlobalSection
	GlobalSection(SolutionProperties) = preSolution
		HideSolutionNode = FALSE
	EndGlobalSection
EndGlobal
